
Microsoft Visual Studio Solution File, Format Version 12.00
Project("{2150E333-8FDC-42A3-9474-1A3956D46DE8}") = "src", "src", "{3DD3F324-B976-458F-917E-651E9D4FF580}"
EndProject
Project("{FAE04EC0-301F-11D3-BF4B-00C04F79EFBC}") = "Patterns", "src\Patterns\Patterns.csproj", "{1E5ECF88-3165-4CFF-8B44-ED2CEB2EA87C}"
EndProject
Global
	GlobalSection(SolutionConfigurationPlatforms) = preSolution
		Debug|Any CPU = Debug|Any CPU
		Release|Any CPU = Release|Any CPU
	EndGlobalSection
	GlobalSection(ProjectConfigurationPlatforms) = postSolution
		{1E5ECF88-3165-4CFF-8B44-ED2CEB2EA87C}.Debug|Any CPU.ActiveCfg = Debug|Any CPU
		{1E5ECF88-3165-4CFF-8B44-ED2CEB2EA87C}.Debug|Any CPU.Build.0 = Debug|Any CPU
		{1E5ECF88-3165-4CFF-8B44-ED2CEB2EA87C}.Release|Any CPU.ActiveCfg = Release|Any CPU
		{1E5ECF88-3165-4CFF-8B44-ED2CEB2EA87C}.Release|Any CPU.Build.0 = Release|Any CPU
	EndGlobalSection
	GlobalSection(NestedProjects) = preSolution
		{1E5ECF88-3165-4CFF-8B44-ED2CEB2EA87C} = {3DD3F324-B976-458F-917E-651E9D4FF580}
	EndGlobalSection
EndGlobal
